{
  "pins" : [
    {
      "identity" : "swift-macro-testing",
      "kind" : "remoteSourceControl",
      "location" : "https://github.com/pedrolopessh/swift-macro-testing",
      "state" : {
        "branch" : "swift-syntax-test",
        "revision" : "ece8ba504aa2c531c5658818e53270d08e921dfa"
      }
    },
    {
      "identity" : "swift-snapshot-testing",
      "kind" : "remoteSourceControl",
      "location" : "https://github.com/pedrolopessh/swift-snapshot-testing",
      "state" : {
        "branch" : "swift-syntax-test",
        "revision" : "681312e8ccac94b109816ffaa3f5c13f16a39fd3"
      }
    },
    {
      "identity" : "swift-syntax-xcframeworks",
      "kind" : "remoteSourceControl",
      "location" : "https://github.com/sjavora/swift-syntax-xcframeworks.git",
      "state" : {
        "revision" : "7501c18dfe20e637818d838df961072176d6296e",
        "version" : "510.0.1"
      }
    },
    {
      "identity" : "xctest-dynamic-overlay",
      "kind" : "remoteSourceControl",
      "location" : "https://github.com/pointfreeco/xctest-dynamic-overlay",
      "state" : {
        "revision" : "357ca1e5dd31f613a1d43320870ebc219386a495",
        "version" : "1.2.2"
      }
    }
  ],
  "version" : 2
}
